# This file is automatically @generated by Cargo.
# It is not intended for manual editing.
version = 3

[[package]]
name = "bitflags"
version = "2.2.1"
source = "registry+https://github.com/rust-lang/crates.io-index"
checksum = "24a6904aef64d73cf10ab17ebace7befb918b82164785cb89907993be7f83813"

[[package]]
name = "cc"
version = "1.0.68"
source = "registry+https://github.com/rust-lang/crates.io-index"
checksum = "4a72c244c1ff497a746a7e1fb3d14bd08420ecda70c8f25c7112f2781652d787"

[[package]]
name = "jelly-rtos"
version = "0.1.0"
dependencies = [
 "cc",
 "pudding-pac",
]

[[package]]
name = "kv260_rtos"
version = "0.1.0"
dependencies = [
 "cc",
 "jelly-rtos",
 "libm",
 "pudding-pac",
]

[[package]]
name = "libm"
version = "0.2.1"
source = "registry+https://github.com/rust-lang/crates.io-index"
checksum = "c7d73b3f436185384286bd8098d17ec07c9a7d2388a6599f824d8502b529702a"

[[package]]
name = "pudding-pac"
version = "0.1.2"
source = "git+https://github.com/ryuz/pudding-pac.git?branch=work#9cc726687b7825d46a134f11adaa261df45e47d2"
dependencies = [
 "bitflags",
]
