<?xml version="1.0" encoding="utf-8"?>
<Project ToolsVersion="4.0" xmlns="http://schemas.microsoft.com/developer/msbuild/2003">
  <ItemGroup>
    <Filter Include="mmcdrv">
      <UniqueIdentifier>{f1deb55d-a935-4f9e-a83d-1790751075f2}</UniqueIdentifier>
    </Filter>
  </ItemGroup>
  <ItemGroup>
    <ClInclude Include="..\mmcdrv\mmcdrv.h">
      <Filter>mmcdrv</Filter>
    </ClInclude>
    <ClInclude Include="..\mmcdrv\mmcdrv_local.h">
      <Filter>mmcdrv</Filter>
    </ClInclude>
    <ClInclude Include="..\mmcdrv\mmcfile.h">
      <Filter>mmcdrv</Filter>
    </ClInclude>
    <ClInclude Include="..\mmcdrv\mmcfile_local.h">
      <Filter>mmcdrv</Filter>
    </ClInclude>
    <ClInclude Include="..\boot.h" />
    <ClInclude Include="..\kernel_id.h" />
    <ClInclude Include="..\ostimer.h" />
  </ItemGroup>
  <ItemGroup>
    <ClCompile Include="..\mmcdrv\mmcdrv_close.c">
      <Filter>mmcdrv</Filter>
    </ClCompile>
    <ClCompile Include="..\mmcdrv\mmcdrv_constructor.c">
      <Filter>mmcdrv</Filter>
    </ClCompile>
    <ClCompile Include="..\mmcdrv\mmcdrv_create.c">
      <Filter>mmcdrv</Filter>
    </ClCompile>
    <ClCompile Include="..\mmcdrv\mmcdrv_delete.c">
      <Filter>mmcdrv</Filter>
    </ClCompile>
    <ClCompile Include="..\mmcdrv\mmcdrv_destructor.c">
      <Filter>mmcdrv</Filter>
    </ClCompile>
    <ClCompile Include="..\mmcdrv\mmcdrv_flush.c">
      <Filter>mmcdrv</Filter>
    </ClCompile>
    <ClCompile Include="..\mmcdrv\mmcdrv_getinformation.c">
      <Filter>mmcdrv</Filter>
    </ClCompile>
    <ClCompile Include="..\mmcdrv\mmcdrv_iocontrol.c">
      <Filter>mmcdrv</Filter>
    </ClCompile>
    <ClCompile Include="..\mmcdrv\mmcdrv_open.c">
      <Filter>mmcdrv</Filter>
    </ClCompile>
    <ClCompile Include="..\mmcdrv\mmcdrv_read.c">
      <Filter>mmcdrv</Filter>
    </ClCompile>
    <ClCompile Include="..\mmcdrv\mmcdrv_seek.c">
      <Filter>mmcdrv</Filter>
    </ClCompile>
    <ClCompile Include="..\mmcdrv\mmcdrv_spictl.c">
      <Filter>mmcdrv</Filter>
    </ClCompile>
    <ClCompile Include="..\mmcdrv\mmcdrv_write.c">
      <Filter>mmcdrv</Filter>
    </ClCompile>
    <ClCompile Include="..\mmcdrv\mmcfile_constructor.c">
      <Filter>mmcdrv</Filter>
    </ClCompile>
    <ClCompile Include="..\mmcdrv\mmcfile_create.c">
      <Filter>mmcdrv</Filter>
    </ClCompile>
    <ClCompile Include="..\mmcdrv\mmcfile_delete.c">
      <Filter>mmcdrv</Filter>
    </ClCompile>
    <ClCompile Include="..\mmcdrv\mmcfile_destructor.c">
      <Filter>mmcdrv</Filter>
    </ClCompile>
    <ClCompile Include="..\boot.c" />
    <ClCompile Include="..\kernel_cfg.c" />
    <ClCompile Include="..\main.c" />
    <ClCompile Include="..\ostimer.c" />
  </ItemGroup>
  <ItemGroup>
    <None Include="..\system.cfg" />
    <None Include="..\system.i" />
  </ItemGroup>
</Project>