
Microsoft Visual Studio Solution File, Format Version 10.00
# Visual C++ Express 2008
Project("{8BC9CEB8-8B4A-11D0-8D11-00A0C91BC942}") = "jelly", "jelly.vcproj", "{DAE95D1B-8DFF-47D1-BEA4-8FD2DE6C5C02}"
EndProject
Project("{8BC9CEB8-8B4A-11D0-8D11-00A0C91BC942}") = "hosaplfw", "..\..\..\..\..\..\..\cvs_work\sf_hos\hos\hos-v4a\aplfw\build\win\win32\vc2008\hosaplfw.vcproj", "{452F2A61-BECE-429E-8CE4-C57DF3A259CD}"
EndProject
Global
	GlobalSection(SolutionConfigurationPlatforms) = preSolution
		Debug|Win32 = Debug|Win32
		Release|Win32 = Release|Win32
	EndGlobalSection
	GlobalSection(ProjectConfigurationPlatforms) = postSolution
		{DAE95D1B-8DFF-47D1-BEA4-8FD2DE6C5C02}.Debug|Win32.ActiveCfg = Debug|Win32
		{DAE95D1B-8DFF-47D1-BEA4-8FD2DE6C5C02}.Debug|Win32.Build.0 = Debug|Win32
		{DAE95D1B-8DFF-47D1-BEA4-8FD2DE6C5C02}.Release|Win32.ActiveCfg = Release|Win32
		{DAE95D1B-8DFF-47D1-BEA4-8FD2DE6C5C02}.Release|Win32.Build.0 = Release|Win32
		{452F2A61-BECE-429E-8CE4-C57DF3A259CD}.Debug|Win32.ActiveCfg = Debug|Win32
		{452F2A61-BECE-429E-8CE4-C57DF3A259CD}.Debug|Win32.Build.0 = Debug|Win32
		{452F2A61-BECE-429E-8CE4-C57DF3A259CD}.Release|Win32.ActiveCfg = Release|Win32
		{452F2A61-BECE-429E-8CE4-C57DF3A259CD}.Release|Win32.Build.0 = Release|Win32
	EndGlobalSection
	GlobalSection(SolutionProperties) = preSolution
		HideSolutionNode = FALSE
	EndGlobalSection
EndGlobal
