# This file is automatically @generated by Cargo.
# It is not intended for manual editing.
version = 4

[[package]]
name = "bitflags"
version = "2.3.0"
source = "registry+https://github.com/rust-lang/crates.io-index"
checksum = "0f6b0c9ebae276e207a3e4e989ed9f3be8b7ce8728b80629c98c21d27742e6ba"

[[package]]
name = "cc"
version = "1.0.68"
source = "registry+https://github.com/rust-lang/crates.io-index"
checksum = "4a72c244c1ff497a746a7e1fb3d14bd08420ecda70c8f25c7112f2781652d787"

[[package]]
name = "kv260_rpu_sample"
version = "0.1.0"
dependencies = [
 "cc",
 "pudding-pac",
]

[[package]]
name = "pudding-pac"
version = "0.1.3"
source = "registry+https://github.com/rust-lang/crates.io-index"
checksum = "0cad549c70f24fc321b71947d509906ba851af4014b77f087e7016894f6f08a0"
dependencies = [
 "bitflags",
]
