# This file is automatically @generated by Cargo.
# It is not intended for manual editing.
version = 3

[[package]]
name = "bitflags"
version = "1.3.2"
source = "registry+https://github.com/rust-lang/crates.io-index"
checksum = "bef38d45163c2f1dde094a7dfd33ccf595c92905c8f8f4fdc18d06fb1037718a"

[[package]]
name = "cc"
version = "1.0.68"
source = "registry+https://github.com/rust-lang/crates.io-index"
checksum = "4a72c244c1ff497a746a7e1fb3d14bd08420ecda70c8f25c7112f2781652d787"

[[package]]
name = "delegate"
version = "0.6.1"
source = "registry+https://github.com/rust-lang/crates.io-index"
checksum = "6bc6b43b1626e75c776f282bcf592b58c6fdd9da069ecf733111a061f6a549a7"
dependencies = [
 "proc-macro2",
 "quote",
 "syn",
]

[[package]]
name = "jelly-mem_access"
version = "0.1.3"
dependencies = [
 "delegate",
]

[[package]]
name = "jelly-pac"
version = "0.1.0"
dependencies = [
 "delegate",
 "jelly-mem_access",
]

[[package]]
name = "jelly-rtos"
version = "0.1.0"
dependencies = [
 "cc",
 "pudding-pac",
]

[[package]]
name = "proc-macro2"
version = "1.0.33"
source = "registry+https://github.com/rust-lang/crates.io-index"
checksum = "fb37d2df5df740e582f28f8560cf425f52bb267d872fe58358eadb554909f07a"
dependencies = [
 "unicode-xid",
]

[[package]]
name = "pudding-pac"
version = "0.1.0"
source = "git+https://github.com/ryuz/rust_rtos.git?rev=c13dd9014f86e0e230f167007e8effd9d805ef3f#c13dd9014f86e0e230f167007e8effd9d805ef3f"
dependencies = [
 "bitflags",
]

[[package]]
name = "quote"
version = "1.0.10"
source = "registry+https://github.com/rust-lang/crates.io-index"
checksum = "38bc8cc6a5f2e3655e0899c1b848643b2562f853f114bfec7be120678e3ace05"
dependencies = [
 "proc-macro2",
]

[[package]]
name = "syn"
version = "1.0.82"
source = "registry+https://github.com/rust-lang/crates.io-index"
checksum = "8daf5dd0bb60cbd4137b1b587d2fc0ae729bc07cf01cd70b36a1ed5ade3b9d59"
dependencies = [
 "proc-macro2",
 "quote",
 "unicode-xid",
]

[[package]]
name = "ultra96v2_mpu9250_rpu"
version = "0.1.0"
dependencies = [
 "cc",
 "jelly-mem_access",
 "jelly-pac",
 "jelly-rtos",
 "pudding-pac",
]

[[package]]
name = "unicode-xid"
version = "0.2.2"
source = "registry+https://github.com/rust-lang/crates.io-index"
checksum = "8ccb82d61f80a663efe1f787a51b16b5a51e3314d6ac365b08639f52387b33f3"
